// !$*UTF8*$!
{
	archiveVersion = 1;
	classes = {
	};
	objectVersion = 56;
	objects = {

/* Begin PBXBuildFile section */
		8CA2AA7B2C57BB2300BD8E8A /* SettingsViewModel.swift in Sources */ = {isa = PBXBuildFile; fileRef = 8CA2AA7A2C57BB2300BD8E8A /* SettingsViewModel.swift */; };
		8CA2AA7E2C57BB7200BD8E8A /* ChangePasswordView.swift in Sources */ = {isa = PBXBuildFile; fileRef = 8CA2AA7D2C57BB7200BD8E8A /* ChangePasswordView.swift */; };
		8CA2AA822C57BBA400BD8E8A /* ContactUsView.swift in Sources */ = {isa = PBXBuildFile; fileRef = 8CA2AA812C57BBA400BD8E8A /* ContactUsView.swift */; };
		8CA2AA842C57BBB100BD8E8A /* FAQsView.swift in Sources */ = {isa = PBXBuildFile; fileRef = 8CA2AA832C57BBB100BD8E8A /* FAQsView.swift */; };
		8CA2AA862C58721300BD8E8A /* AppContainerManager.swift in Sources */ = {isa = PBXBuildFile; fileRef = 8CA2AA852C58721300BD8E8A /* AppContainerManager.swift */; };
		8CABF8512C53AC9E003E4297 /* FoodApp.swift in Sources */ = {isa = PBXBuildFile; fileRef = 8CABF8502C53AC9E003E4297 /* FoodApp.swift */; };
		8CABF8552C53ACA0003E4297 /* Assets.xcassets in Resources */ = {isa = PBXBuildFile; fileRef = 8CABF8542C53ACA0003E4297 /* Assets.xcassets */; };
		8CABF8582C53ACA0003E4297 /* Preview Assets.xcassets in Resources */ = {isa = PBXBuildFile; fileRef = 8CABF8572C53ACA0003E4297 /* Preview Assets.xcassets */; };
		8CABF8602C53F3D5003E4297 /* TabViewType.swift in Sources */ = {isa = PBXBuildFile; fileRef = 8CABF85E2C53F3D5003E4297 /* TabViewType.swift */; };
		8CABF8612C53F3D5003E4297 /* TabBarController.swift in Sources */ = {isa = PBXBuildFile; fileRef = 8CABF85F2C53F3D5003E4297 /* TabBarController.swift */; };
		8CABF8632C53F3F9003E4297 /* ElevationModifier.swift in Sources */ = {isa = PBXBuildFile; fileRef = 8CABF8622C53F3F9003E4297 /* ElevationModifier.swift */; };
		8CABF8672C53F455003E4297 /* ViewSafeArea+Ext.swift in Sources */ = {isa = PBXBuildFile; fileRef = 8CABF8662C53F455003E4297 /* ViewSafeArea+Ext.swift */; };
		8CABF8692C53F45A003E4297 /* MockVerticalListView.swift in Sources */ = {isa = PBXBuildFile; fileRef = 8CABF8682C53F45A003E4297 /* MockVerticalListView.swift */; };
		8CABF86B2C53F49C003E4297 /* ButtonBase.swift in Sources */ = {isa = PBXBuildFile; fileRef = 8CABF86A2C53F49C003E4297 /* ButtonBase.swift */; };
		8CABF8732C54013D003E4297 /* Color+Hex.swift in Sources */ = {isa = PBXBuildFile; fileRef = 8CABF8722C54013D003E4297 /* Color+Hex.swift */; };
		8CABF8762C5409BB003E4297 /* SplashScreenView.swift in Sources */ = {isa = PBXBuildFile; fileRef = 8CABF8752C5409BB003E4297 /* SplashScreenView.swift */; };
		8CABF8782C540F06003E4297 /* MockTabView.swift in Sources */ = {isa = PBXBuildFile; fileRef = 8CABF8772C540F06003E4297 /* MockTabView.swift */; };
		8CABF87C2C541083003E4297 /* Fonts.swift in Sources */ = {isa = PBXBuildFile; fileRef = 8CABF87B2C541083003E4297 /* Fonts.swift */; };
		8CABF87E2C541152003E4297 /* Theme.swift in Sources */ = {isa = PBXBuildFile; fileRef = 8CABF87D2C541152003E4297 /* Theme.swift */; };
		8CABF8862C54119C003E4297 /* Poppins-SemiBold.ttf in Resources */ = {isa = PBXBuildFile; fileRef = 8CABF8802C54119C003E4297 /* Poppins-SemiBold.ttf */; };
		8CABF8872C54119C003E4297 /* Poppins-Bold.ttf in Resources */ = {isa = PBXBuildFile; fileRef = 8CABF8812C54119C003E4297 /* Poppins-Bold.ttf */; };
		8CABF8882C54119C003E4297 /* Poppins-Black.ttf in Resources */ = {isa = PBXBuildFile; fileRef = 8CABF8822C54119C003E4297 /* Poppins-Black.ttf */; };
		8CABF8892C54119C003E4297 /* Poppins-Light.ttf in Resources */ = {isa = PBXBuildFile; fileRef = 8CABF8832C54119C003E4297 /* Poppins-Light.ttf */; };
		8CABF88A2C54119C003E4297 /* Poppins-Medium.ttf in Resources */ = {isa = PBXBuildFile; fileRef = 8CABF8842C54119C003E4297 /* Poppins-Medium.ttf */; };
		8CABF88B2C54119C003E4297 /* Poppins-Regular.ttf in Resources */ = {isa = PBXBuildFile; fileRef = 8CABF8852C54119C003E4297 /* Poppins-Regular.ttf */; };
		8CABF88D2C54146C003E4297 /* LocalizedConstants.swift in Sources */ = {isa = PBXBuildFile; fileRef = 8CABF88C2C54146C003E4297 /* LocalizedConstants.swift */; };
		8CABF88F2C5414E0003E4297 /* AppColor.swift in Sources */ = {isa = PBXBuildFile; fileRef = 8CABF88E2C5414E0003E4297 /* AppColor.swift */; };
		8CABF8942C544AF8003E4297 /* LoginView.swift in Sources */ = {isa = PBXBuildFile; fileRef = 8CABF8932C544AF8003E4297 /* LoginView.swift */; };
		8CABF8962C54523D003E4297 /* AppImages.swift in Sources */ = {isa = PBXBuildFile; fileRef = 8CABF8952C54523D003E4297 /* AppImages.swift */; };
		8CABF8982C54557B003E4297 /* TextFieldModifier.swift in Sources */ = {isa = PBXBuildFile; fileRef = 8CABF8972C54557B003E4297 /* TextFieldModifier.swift */; };
		8CABF89C2C54564C003E4297 /* BorderedButtonStyle.swift in Sources */ = {isa = PBXBuildFile; fileRef = 8CABF89B2C54564C003E4297 /* BorderedButtonStyle.swift */; };
		8CABF89E2C546289003E4297 /* LoginViewModel.swift in Sources */ = {isa = PBXBuildFile; fileRef = 8CABF89D2C546289003E4297 /* LoginViewModel.swift */; };
		8CABF8A22C546357003E4297 /* SignUpView.swift in Sources */ = {isa = PBXBuildFile; fileRef = 8CABF8A12C546357003E4297 /* SignUpView.swift */; };
		8CABF8A42C5466E4003E4297 /* SignUpViewModel.swift in Sources */ = {isa = PBXBuildFile; fileRef = 8CABF8A32C5466E4003E4297 /* SignUpViewModel.swift */; };
		8CABF8A82C546CBE003E4297 /* MyAccountView.swift in Sources */ = {isa = PBXBuildFile; fileRef = 8CABF8A72C546CBE003E4297 /* MyAccountView.swift */; };
		8CABF8AA2C546EA7003E4297 /* SessionManager.swift in Sources */ = {isa = PBXBuildFile; fileRef = 8CABF8A92C546EA7003E4297 /* SessionManager.swift */; };
		8CABF8AD2C547360003E4297 /* ProfileView.swift in Sources */ = {isa = PBXBuildFile; fileRef = 8CABF8AC2C547360003E4297 /* ProfileView.swift */; };
		8CABF8AF2C5477D9003E4297 /* ProfileImage.swift in Sources */ = {isa = PBXBuildFile; fileRef = 8CABF8AE2C5477D9003E4297 /* ProfileImage.swift */; };
		8CABF8B12C547AAC003E4297 /* MyAccountViewModel.swift in Sources */ = {isa = PBXBuildFile; fileRef = 8CABF8B02C547AAC003E4297 /* MyAccountViewModel.swift */; };
		8CABF8B32C547D87003E4297 /* UnderConstructionView.swift in Sources */ = {isa = PBXBuildFile; fileRef = 8CABF8B22C547D87003E4297 /* UnderConstructionView.swift */; };
		8CABF8B62C5540B6003E4297 /* User.swift in Sources */ = {isa = PBXBuildFile; fileRef = 8CABF8B52C5540B6003E4297 /* User.swift */; };
		8CABF8B82C5540D1003E4297 /* MyAccountSection.swift in Sources */ = {isa = PBXBuildFile; fileRef = 8CABF8B72C5540D1003E4297 /* MyAccountSection.swift */; };
		8CABF8BA2C556108003E4297 /* CustomBackButtonModifier.swift in Sources */ = {isa = PBXBuildFile; fileRef = 8CABF8B92C556108003E4297 /* CustomBackButtonModifier.swift */; };
		8CABF8BD2C55B6D1003E4297 /* SettingsView.swift in Sources */ = {isa = PBXBuildFile; fileRef = 8CABF8BC2C55B6D0003E4297 /* SettingsView.swift */; };
/* End PBXBuildFile section */

/* Begin PBXFileReference section */
		8CA2AA7A2C57BB2300BD8E8A /* SettingsViewModel.swift */ = {isa = PBXFileReference; lastKnownFileType = sourcecode.swift; path = SettingsViewModel.swift; sourceTree = "<group>"; };
		8CA2AA7D2C57BB7200BD8E8A /* ChangePasswordView.swift */ = {isa = PBXFileReference; lastKnownFileType = sourcecode.swift; path = ChangePasswordView.swift; sourceTree = "<group>"; };
		8CA2AA812C57BBA400BD8E8A /* ContactUsView.swift */ = {isa = PBXFileReference; lastKnownFileType = sourcecode.swift; path = ContactUsView.swift; sourceTree = "<group>"; };
		8CA2AA832C57BBB100BD8E8A /* FAQsView.swift */ = {isa = PBXFileReference; lastKnownFileType = sourcecode.swift; path = FAQsView.swift; sourceTree = "<group>"; };
		8CA2AA852C58721300BD8E8A /* AppContainerManager.swift */ = {isa = PBXFileReference; lastKnownFileType = sourcecode.swift; path = AppContainerManager.swift; sourceTree = "<group>"; };
		8CABF84D2C53AC9E003E4297 /* FoodApp.app */ = {isa = PBXFileReference; explicitFileType = wrapper.application; includeInIndex = 0; path = FoodApp.app; sourceTree = BUILT_PRODUCTS_DIR; };
		8CABF8502C53AC9E003E4297 /* FoodApp.swift */ = {isa = PBXFileReference; lastKnownFileType = sourcecode.swift; path = FoodApp.swift; sourceTree = "<group>"; };
		8CABF8542C53ACA0003E4297 /* Assets.xcassets */ = {isa = PBXFileReference; lastKnownFileType = folder.assetcatalog; path = Assets.xcassets; sourceTree = "<group>"; };
		8CABF8572C53ACA0003E4297 /* Preview Assets.xcassets */ = {isa = PBXFileReference; lastKnownFileType = folder.assetcatalog; path = "Preview Assets.xcassets"; sourceTree = "<group>"; };
		8CABF85E2C53F3D5003E4297 /* TabViewType.swift */ = {isa = PBXFileReference; lastKnownFileType = sourcecode.swift; path = TabViewType.swift; sourceTree = "<group>"; };
		8CABF85F2C53F3D5003E4297 /* TabBarController.swift */ = {isa = PBXFileReference; lastKnownFileType = sourcecode.swift; path = TabBarController.swift; sourceTree = "<group>"; };
		8CABF8622C53F3F9003E4297 /* ElevationModifier.swift */ = {isa = PBXFileReference; lastKnownFileType = sourcecode.swift; path = ElevationModifier.swift; sourceTree = "<group>"; };
		8CABF8662C53F455003E4297 /* ViewSafeArea+Ext.swift */ = {isa = PBXFileReference; lastKnownFileType = sourcecode.swift; path = "ViewSafeArea+Ext.swift"; sourceTree = "<group>"; };
		8CABF8682C53F45A003E4297 /* MockVerticalListView.swift */ = {isa = PBXFileReference; lastKnownFileType = sourcecode.swift; path = MockVerticalListView.swift; sourceTree = "<group>"; };
		8CABF86A2C53F49C003E4297 /* ButtonBase.swift */ = {isa = PBXFileReference; lastKnownFileType = sourcecode.swift; path = ButtonBase.swift; sourceTree = "<group>"; };
		8CABF86D2C53F795003E4297 /* Info.plist */ = {isa = PBXFileReference; lastKnownFileType = text.plist; path = Info.plist; sourceTree = "<group>"; };
		8CABF8722C54013D003E4297 /* Color+Hex.swift */ = {isa = PBXFileReference; lastKnownFileType = sourcecode.swift; path = "Color+Hex.swift"; sourceTree = "<group>"; };
		8CABF8752C5409BB003E4297 /* SplashScreenView.swift */ = {isa = PBXFileReference; lastKnownFileType = sourcecode.swift; path = SplashScreenView.swift; sourceTree = "<group>"; };
		8CABF8772C540F06003E4297 /* MockTabView.swift */ = {isa = PBXFileReference; lastKnownFileType = sourcecode.swift; path = MockTabView.swift; sourceTree = "<group>"; };
		8CABF87B2C541083003E4297 /* Fonts.swift */ = {isa = PBXFileReference; lastKnownFileType = sourcecode.swift; path = Fonts.swift; sourceTree = "<group>"; };
		8CABF87D2C541152003E4297 /* Theme.swift */ = {isa = PBXFileReference; lastKnownFileType = sourcecode.swift; path = Theme.swift; sourceTree = "<group>"; };
		8CABF8802C54119C003E4297 /* Poppins-SemiBold.ttf */ = {isa = PBXFileReference; lastKnownFileType = file; path = "Poppins-SemiBold.ttf"; sourceTree = "<group>"; };
		8CABF8812C54119C003E4297 /* Poppins-Bold.ttf */ = {isa = PBXFileReference; lastKnownFileType = file; path = "Poppins-Bold.ttf"; sourceTree = "<group>"; };
		8CABF8822C54119C003E4297 /* Poppins-Black.ttf */ = {isa = PBXFileReference; lastKnownFileType = file; path = "Poppins-Black.ttf"; sourceTree = "<group>"; };
		8CABF8832C54119C003E4297 /* Poppins-Light.ttf */ = {isa = PBXFileReference; lastKnownFileType = file; path = "Poppins-Light.ttf"; sourceTree = "<group>"; };
		8CABF8842C54119C003E4297 /* Poppins-Medium.ttf */ = {isa = PBXFileReference; lastKnownFileType = file; path = "Poppins-Medium.ttf"; sourceTree = "<group>"; };
		8CABF8852C54119C003E4297 /* Poppins-Regular.ttf */ = {isa = PBXFileReference; lastKnownFileType = file; path = "Poppins-Regular.ttf"; sourceTree = "<group>"; };
		8CABF88C2C54146C003E4297 /* LocalizedConstants.swift */ = {isa = PBXFileReference; lastKnownFileType = sourcecode.swift; path = LocalizedConstants.swift; sourceTree = "<group>"; };
		8CABF88E2C5414E0003E4297 /* AppColor.swift */ = {isa = PBXFileReference; lastKnownFileType = sourcecode.swift; path = AppColor.swift; sourceTree = "<group>"; };
		8CABF8932C544AF8003E4297 /* LoginView.swift */ = {isa = PBXFileReference; lastKnownFileType = sourcecode.swift; path = LoginView.swift; sourceTree = "<group>"; };
		8CABF8952C54523D003E4297 /* AppImages.swift */ = {isa = PBXFileReference; lastKnownFileType = sourcecode.swift; path = AppImages.swift; sourceTree = "<group>"; };
		8CABF8972C54557B003E4297 /* TextFieldModifier.swift */ = {isa = PBXFileReference; lastKnownFileType = sourcecode.swift; path = TextFieldModifier.swift; sourceTree = "<group>"; };
		8CABF89B2C54564C003E4297 /* BorderedButtonStyle.swift */ = {isa = PBXFileReference; lastKnownFileType = sourcecode.swift; path = BorderedButtonStyle.swift; sourceTree = "<group>"; };
		8CABF89D2C546289003E4297 /* LoginViewModel.swift */ = {isa = PBXFileReference; lastKnownFileType = sourcecode.swift; path = LoginViewModel.swift; sourceTree = "<group>"; };
		8CABF8A12C546357003E4297 /* SignUpView.swift */ = {isa = PBXFileReference; lastKnownFileType = sourcecode.swift; path = SignUpView.swift; sourceTree = "<group>"; };
		8CABF8A32C5466E4003E4297 /* SignUpViewModel.swift */ = {isa = PBXFileReference; lastKnownFileType = sourcecode.swift; path = SignUpViewModel.swift; sourceTree = "<group>"; };
		8CABF8A72C546CBE003E4297 /* MyAccountView.swift */ = {isa = PBXFileReference; lastKnownFileType = sourcecode.swift; path = MyAccountView.swift; sourceTree = "<group>"; };
		8CABF8A92C546EA7003E4297 /* SessionManager.swift */ = {isa = PBXFileReference; lastKnownFileType = sourcecode.swift; path = SessionManager.swift; sourceTree = "<group>"; };
		8CABF8AC2C547360003E4297 /* ProfileView.swift */ = {isa = PBXFileReference; lastKnownFileType = sourcecode.swift; path = ProfileView.swift; sourceTree = "<group>"; };
		8CABF8AE2C5477D9003E4297 /* ProfileImage.swift */ = {isa = PBXFileReference; lastKnownFileType = sourcecode.swift; path = ProfileImage.swift; sourceTree = "<group>"; };
		8CABF8B02C547AAC003E4297 /* MyAccountViewModel.swift */ = {isa = PBXFileReference; lastKnownFileType = sourcecode.swift; path = MyAccountViewModel.swift; sourceTree = "<group>"; };
		8CABF8B22C547D87003E4297 /* UnderConstructionView.swift */ = {isa = PBXFileReference; lastKnownFileType = sourcecode.swift; path = UnderConstructionView.swift; sourceTree = "<group>"; };
		8CABF8B52C5540B6003E4297 /* User.swift */ = {isa = PBXFileReference; lastKnownFileType = sourcecode.swift; path = User.swift; sourceTree = "<group>"; };
		8CABF8B72C5540D1003E4297 /* MyAccountSection.swift */ = {isa = PBXFileReference; lastKnownFileType = sourcecode.swift; path = MyAccountSection.swift; sourceTree = "<group>"; };
		8CABF8B92C556108003E4297 /* CustomBackButtonModifier.swift */ = {isa = PBXFileReference; lastKnownFileType = sourcecode.swift; path = CustomBackButtonModifier.swift; sourceTree = "<group>"; };
		8CABF8BC2C55B6D0003E4297 /* SettingsView.swift */ = {isa = PBXFileReference; lastKnownFileType = sourcecode.swift; path = SettingsView.swift; sourceTree = "<group>"; };
/* End PBXFileReference section */

/* Begin PBXFrameworksBuildPhase section */
		8CABF84A2C53AC9E003E4297 /* Frameworks */ = {
			isa = PBXFrameworksBuildPhase;
			buildActionMask = 2147483647;
			files = (
			);
			runOnlyForDeploymentPostprocessing = 0;
		};
/* End PBXFrameworksBuildPhase section */

/* Begin PBXGroup section */
		8CA2AA7C2C57BB4900BD8E8A /* Change Password */ = {
			isa = PBXGroup;
			children = (
				8CA2AA7D2C57BB7200BD8E8A /* ChangePasswordView.swift */,
			);
			path = "Change Password";
			sourceTree = "<group>";
		};
		8CA2AA7F2C57BB8D00BD8E8A /* Contact Us */ = {
			isa = PBXGroup;
			children = (
				8CA2AA812C57BBA400BD8E8A /* ContactUsView.swift */,
			);
			path = "Contact Us";
			sourceTree = "<group>";
		};
		8CA2AA802C57BB9700BD8E8A /* FAQs */ = {
			isa = PBXGroup;
			children = (
				8CA2AA832C57BBB100BD8E8A /* FAQsView.swift */,
			);
			path = FAQs;
			sourceTree = "<group>";
		};
		8CABF8442C53AC9E003E4297 = {
			isa = PBXGroup;
			children = (
				8CABF84F2C53AC9E003E4297 /* FoodApp */,
				8CABF84E2C53AC9E003E4297 /* Products */,
			);
			sourceTree = "<group>";
		};
		8CABF84E2C53AC9E003E4297 /* Products */ = {
			isa = PBXGroup;
			children = (
				8CABF84D2C53AC9E003E4297 /* FoodApp.app */,
			);
			name = Products;
			sourceTree = "<group>";
		};
		8CABF84F2C53AC9E003E4297 /* FoodApp */ = {
			isa = PBXGroup;
			children = (
				8CABF8912C544ACB003E4297 /* Module */,
				8CABF8902C541A29003E4297 /* Extension */,
				8CABF87F2C541192003E4297 /* Fonts */,
				8CABF87A2C541076003E4297 /* Theme */,
				8CABF8792C54105C003E4297 /* View */,
				8CABF86D2C53F795003E4297 /* Info.plist */,
				8CABF8502C53AC9E003E4297 /* FoodApp.swift */,
				8CA2AA852C58721300BD8E8A /* AppContainerManager.swift */,
				8CABF8542C53ACA0003E4297 /* Assets.xcassets */,
				8CABF8562C53ACA0003E4297 /* Preview Content */,
			);
			path = FoodApp;
			sourceTree = "<group>";
		};
		8CABF8562C53ACA0003E4297 /* Preview Content */ = {
			isa = PBXGroup;
			children = (
				8CABF8572C53ACA0003E4297 /* Preview Assets.xcassets */,
			);
			path = "Preview Content";
			sourceTree = "<group>";
		};
		8CABF8712C53FEEB003E4297 /* TabbarController */ = {
			isa = PBXGroup;
			children = (
				8CABF8A62C546CA8003E4297 /* My Account */,
				8CABF8A52C546C9C003E4297 /* Tabbar */,
			);
			path = TabbarController;
			sourceTree = "<group>";
		};
		8CABF8742C5409B2003E4297 /* Splash */ = {
			isa = PBXGroup;
			children = (
				8CABF8752C5409BB003E4297 /* SplashScreenView.swift */,
			);
			path = Splash;
			sourceTree = "<group>";
		};
		8CABF8792C54105C003E4297 /* View */ = {
			isa = PBXGroup;
			children = (
				8CABF86A2C53F49C003E4297 /* ButtonBase.swift */,
				8CABF8972C54557B003E4297 /* TextFieldModifier.swift */,
				8CABF89B2C54564C003E4297 /* BorderedButtonStyle.swift */,
			);
			path = View;
			sourceTree = "<group>";
		};
		8CABF87A2C541076003E4297 /* Theme */ = {
			isa = PBXGroup;
			children = (
				8CABF87B2C541083003E4297 /* Fonts.swift */,
				8CABF88C2C54146C003E4297 /* LocalizedConstants.swift */,
				8CABF87D2C541152003E4297 /* Theme.swift */,
				8CABF88E2C5414E0003E4297 /* AppColor.swift */,
				8CABF8952C54523D003E4297 /* AppImages.swift */,
				8CABF8A92C546EA7003E4297 /* SessionManager.swift */,
			);
			path = Theme;
			sourceTree = "<group>";
		};
		8CABF87F2C541192003E4297 /* Fonts */ = {
			isa = PBXGroup;
			children = (
				8CABF8822C54119C003E4297 /* Poppins-Black.ttf */,
				8CABF8812C54119C003E4297 /* Poppins-Bold.ttf */,
				8CABF8832C54119C003E4297 /* Poppins-Light.ttf */,
				8CABF8842C54119C003E4297 /* Poppins-Medium.ttf */,
				8CABF8852C54119C003E4297 /* Poppins-Regular.ttf */,
				8CABF8802C54119C003E4297 /* Poppins-SemiBold.ttf */,
			);
			path = Fonts;
			sourceTree = "<group>";
		};
		8CABF8902C541A29003E4297 /* Extension */ = {
			isa = PBXGroup;
			children = (
				8CABF8722C54013D003E4297 /* Color+Hex.swift */,
				8CABF8B92C556108003E4297 /* CustomBackButtonModifier.swift */,
			);
			path = Extension;
			sourceTree = "<group>";
		};
		8CABF8912C544ACB003E4297 /* Module */ = {
			isa = PBXGroup;
			children = (
				8CABF8922C544ADA003E4297 /* Authentication */,
				8CABF8742C5409B2003E4297 /* Splash */,
				8CABF8712C53FEEB003E4297 /* TabbarController */,
			);
			path = Module;
			sourceTree = "<group>";
		};
		8CABF8922C544ADA003E4297 /* Authentication */ = {
			isa = PBXGroup;
			children = (
				8CABF8A02C546320003E4297 /* Registration */,
				8CABF89F2C546314003E4297 /* Login */,
			);
			path = Authentication;
			sourceTree = "<group>";
		};
		8CABF89F2C546314003E4297 /* Login */ = {
			isa = PBXGroup;
			children = (
				8CABF8932C544AF8003E4297 /* LoginView.swift */,
				8CABF89D2C546289003E4297 /* LoginViewModel.swift */,
			);
			path = Login;
			sourceTree = "<group>";
		};
		8CABF8A02C546320003E4297 /* Registration */ = {
			isa = PBXGroup;
			children = (
				8CABF8A12C546357003E4297 /* SignUpView.swift */,
				8CABF8A32C5466E4003E4297 /* SignUpViewModel.swift */,
			);
			path = Registration;
			sourceTree = "<group>";
		};
		8CABF8A52C546C9C003E4297 /* Tabbar */ = {
			isa = PBXGroup;
			children = (
				8CABF85E2C53F3D5003E4297 /* TabViewType.swift */,
				8CABF8682C53F45A003E4297 /* MockVerticalListView.swift */,
				8CABF8662C53F455003E4297 /* ViewSafeArea+Ext.swift */,
				8CABF8622C53F3F9003E4297 /* ElevationModifier.swift */,
				8CABF85F2C53F3D5003E4297 /* TabBarController.swift */,
				8CABF8772C540F06003E4297 /* MockTabView.swift */,
			);
			path = Tabbar;
			sourceTree = "<group>";
		};
		8CABF8A62C546CA8003E4297 /* My Account */ = {
			isa = PBXGroup;
			children = (
				8CABF8A72C546CBE003E4297 /* MyAccountView.swift */,
				8CABF8B02C547AAC003E4297 /* MyAccountViewModel.swift */,
				8CABF8B72C5540D1003E4297 /* MyAccountSection.swift */,
				8CABF8BB2C55B6C8003E4297 /* Settings */,
				8CABF8B42C547D8B003E4297 /* UnderConstruction */,
				8CABF8AB2C547329003E4297 /* Profile */,
			);
			path = "My Account";
			sourceTree = "<group>";
		};
		8CABF8AB2C547329003E4297 /* Profile */ = {
			isa = PBXGroup;
			children = (
				8CABF8AC2C547360003E4297 /* ProfileView.swift */,
				8CABF8AE2C5477D9003E4297 /* ProfileImage.swift */,
				8CABF8B52C5540B6003E4297 /* User.swift */,
			);
			path = Profile;
			sourceTree = "<group>";
		};
		8CABF8B42C547D8B003E4297 /* UnderConstruction */ = {
			isa = PBXGroup;
			children = (
				8CABF8B22C547D87003E4297 /* UnderConstructionView.swift */,
			);
			path = UnderConstruction;
			sourceTree = "<group>";
		};
		8CABF8BB2C55B6C8003E4297 /* Settings */ = {
			isa = PBXGroup;
			children = (
				8CA2AA802C57BB9700BD8E8A /* FAQs */,
				8CA2AA7F2C57BB8D00BD8E8A /* Contact Us */,
				8CA2AA7C2C57BB4900BD8E8A /* Change Password */,
				8CABF8BC2C55B6D0003E4297 /* SettingsView.swift */,
				8CA2AA7A2C57BB2300BD8E8A /* SettingsViewModel.swift */,
			);
			path = Settings;
			sourceTree = "<group>";
		};
/* End PBXGroup section */

/* Begin PBXNativeTarget section */
		8CABF84C2C53AC9E003E4297 /* FoodApp */ = {
			isa = PBXNativeTarget;
			buildConfigurationList = 8CABF85B2C53ACA0003E4297 /* Build configuration list for PBXNativeTarget "FoodApp" */;
			buildPhases = (
				8CABF8492C53AC9E003E4297 /* Sources */,
				8CABF84A2C53AC9E003E4297 /* Frameworks */,
				8CABF84B2C53AC9E003E4297 /* Resources */,
			);
			buildRules = (
			);
			dependencies = (
			);
			name = FoodApp;
			productName = FoodApp;
			productReference = 8CABF84D2C53AC9E003E4297 /* FoodApp.app */;
			productType = "com.apple.product-type.application";
		};
/* End PBXNativeTarget section */

/* Begin PBXProject section */
		8CABF8452C53AC9E003E4297 /* Project object */ = {
			isa = PBXProject;
			attributes = {
				BuildIndependentTargetsInParallel = 1;
				LastSwiftUpdateCheck = 1540;
				LastUpgradeCheck = 1540;
				TargetAttributes = {
					8CABF84C2C53AC9E003E4297 = {
						CreatedOnToolsVersion = 15.4;
					};
				};
			};
			buildConfigurationList = 8CABF8482C53AC9E003E4297 /* Build configuration list for PBXProject "FoodApp" */;
			compatibilityVersion = "Xcode 14.0";
			developmentRegion = en;
			hasScannedForEncodings = 0;
			knownRegions = (
				en,
				Base,
			);
			mainGroup = 8CABF8442C53AC9E003E4297;
			productRefGroup = 8CABF84E2C53AC9E003E4297 /* Products */;
			projectDirPath = "";
			projectRoot = "";
			targets = (
				8CABF84C2C53AC9E003E4297 /* FoodApp */,
			);
		};
/* End PBXProject section */

/* Begin PBXResourcesBuildPhase section */
		8CABF84B2C53AC9E003E4297 /* Resources */ = {
			isa = PBXResourcesBuildPhase;
			buildActionMask = 2147483647;
			files = (
				8CABF8892C54119C003E4297 /* Poppins-Light.ttf in Resources */,
				8CABF8882C54119C003E4297 /* Poppins-Black.ttf in Resources */,
				8CABF88B2C54119C003E4297 /* Poppins-Regular.ttf in Resources */,
				8CABF8862C54119C003E4297 /* Poppins-SemiBold.ttf in Resources */,
				8CABF8872C54119C003E4297 /* Poppins-Bold.ttf in Resources */,
				8CABF88A2C54119C003E4297 /* Poppins-Medium.ttf in Resources */,
				8CABF8582C53ACA0003E4297 /* Preview Assets.xcassets in Resources */,
				8CABF8552C53ACA0003E4297 /* Assets.xcassets in Resources */,
			);
			runOnlyForDeploymentPostprocessing = 0;
		};
/* End PBXResourcesBuildPhase section */

/* Begin PBXSourcesBuildPhase section */
		8CABF8492C53AC9E003E4297 /* Sources */ = {
			isa = PBXSourcesBuildPhase;
			buildActionMask = 2147483647;
			files = (
				8CABF8692C53F45A003E4297 /* MockVerticalListView.swift in Sources */,
				8CA2AA842C57BBB100BD8E8A /* FAQsView.swift in Sources */,
				8CA2AA7E2C57BB7200BD8E8A /* ChangePasswordView.swift in Sources */,
				8CA2AA862C58721300BD8E8A /* AppContainerManager.swift in Sources */,
				8CABF8B82C5540D1003E4297 /* MyAccountSection.swift in Sources */,
				8CABF8AA2C546EA7003E4297 /* SessionManager.swift in Sources */,
				8CABF8962C54523D003E4297 /* AppImages.swift in Sources */,
				8CABF89C2C54564C003E4297 /* BorderedButtonStyle.swift in Sources */,
				8CABF8782C540F06003E4297 /* MockTabView.swift in Sources */,
				8CABF8632C53F3F9003E4297 /* ElevationModifier.swift in Sources */,
				8CABF87E2C541152003E4297 /* Theme.swift in Sources */,
				8CABF87C2C541083003E4297 /* Fonts.swift in Sources */,
				8CABF8B32C547D87003E4297 /* UnderConstructionView.swift in Sources */,
				8CABF8BA2C556108003E4297 /* CustomBackButtonModifier.swift in Sources */,
				8CABF8B12C547AAC003E4297 /* MyAccountViewModel.swift in Sources */,
				8CABF8AF2C5477D9003E4297 /* ProfileImage.swift in Sources */,
				8CABF8612C53F3D5003E4297 /* TabBarController.swift in Sources */,
				8CABF8982C54557B003E4297 /* TextFieldModifier.swift in Sources */,
				8CA2AA7B2C57BB2300BD8E8A /* SettingsViewModel.swift in Sources */,
				8CABF88D2C54146C003E4297 /* LocalizedConstants.swift in Sources */,
				8CABF8512C53AC9E003E4297 /* FoodApp.swift in Sources */,
				8CABF86B2C53F49C003E4297 /* ButtonBase.swift in Sources */,
				8CABF8602C53F3D5003E4297 /* TabViewType.swift in Sources */,
				8CABF8A42C5466E4003E4297 /* SignUpViewModel.swift in Sources */,
				8CABF8A82C546CBE003E4297 /* MyAccountView.swift in Sources */,
				8CABF8AD2C547360003E4297 /* ProfileView.swift in Sources */,
				8CABF8B62C5540B6003E4297 /* User.swift in Sources */,
				8CABF88F2C5414E0003E4297 /* AppColor.swift in Sources */,
				8CABF8672C53F455003E4297 /* ViewSafeArea+Ext.swift in Sources */,
				8CABF8732C54013D003E4297 /* Color+Hex.swift in Sources */,
				8CABF8942C544AF8003E4297 /* LoginView.swift in Sources */,
				8CABF89E2C546289003E4297 /* LoginViewModel.swift in Sources */,
				8CABF8762C5409BB003E4297 /* SplashScreenView.swift in Sources */,
				8CABF8BD2C55B6D1003E4297 /* SettingsView.swift in Sources */,
				8CABF8A22C546357003E4297 /* SignUpView.swift in Sources */,
				8CA2AA822C57BBA400BD8E8A /* ContactUsView.swift in Sources */,
			);
			runOnlyForDeploymentPostprocessing = 0;
		};
/* End PBXSourcesBuildPhase section */

/* Begin XCBuildConfiguration section */
		8CABF8592C53ACA0003E4297 /* Debug */ = {
			isa = XCBuildConfiguration;
			buildSettings = {
				ALWAYS_SEARCH_USER_PATHS = NO;
				ASSETCATALOG_COMPILER_GENERATE_SWIFT_ASSET_SYMBOL_EXTENSIONS = YES;
				CLANG_ANALYZER_NONNULL = YES;
				CLANG_ANALYZER_NUMBER_OBJECT_CONVERSION = YES_AGGRESSIVE;
				CLANG_CXX_LANGUAGE_STANDARD = "gnu++20";
				CLANG_ENABLE_MODULES = YES;
				CLANG_ENABLE_OBJC_ARC = YES;
				CLANG_ENABLE_OBJC_WEAK = YES;
				CLANG_WARN_BLOCK_CAPTURE_AUTORELEASING = YES;
				CLANG_WARN_BOOL_CONVERSION = YES;
				CLANG_WARN_COMMA = YES;
				CLANG_WARN_CONSTANT_CONVERSION = YES;
				CLANG_WARN_DEPRECATED_OBJC_IMPLEMENTATIONS = YES;
				CLANG_WARN_DIRECT_OBJC_ISA_USAGE = YES_ERROR;
				CLANG_WARN_DOCUMENTATION_COMMENTS = YES;
				CLANG_WARN_EMPTY_BODY = YES;
				CLANG_WARN_ENUM_CONVERSION = YES;
				CLANG_WARN_INFINITE_RECURSION = YES;
				CLANG_WARN_INT_CONVERSION = YES;
				CLANG_WARN_NON_LITERAL_NULL_CONVERSION = YES;
				CLANG_WARN_OBJC_IMPLICIT_RETAIN_SELF = YES;
				CLANG_WARN_OBJC_LITERAL_CONVERSION = YES;
				CLANG_WARN_OBJC_ROOT_CLASS = YES_ERROR;
				CLANG_WARN_QUOTED_INCLUDE_IN_FRAMEWORK_HEADER = YES;
				CLANG_WARN_RANGE_LOOP_ANALYSIS = YES;
				CLANG_WARN_STRICT_PROTOTYPES = YES;
				CLANG_WARN_SUSPICIOUS_MOVE = YES;
				CLANG_WARN_UNGUARDED_AVAILABILITY = YES_AGGRESSIVE;
				CLANG_WARN_UNREACHABLE_CODE = YES;
				CLANG_WARN__DUPLICATE_METHOD_MATCH = YES;
				COPY_PHASE_STRIP = NO;
				DEBUG_INFORMATION_FORMAT = dwarf;
				ENABLE_STRICT_OBJC_MSGSEND = YES;
				ENABLE_TESTABILITY = YES;
				ENABLE_USER_SCRIPT_SANDBOXING = YES;
				GCC_C_LANGUAGE_STANDARD = gnu17;
				GCC_DYNAMIC_NO_PIC = NO;
				GCC_NO_COMMON_BLOCKS = YES;
				GCC_OPTIMIZATION_LEVEL = 0;
				GCC_PREPROCESSOR_DEFINITIONS = (
					"DEBUG=1",
					"$(inherited)",
				);
				GCC_WARN_64_TO_32_BIT_CONVERSION = YES;
				GCC_WARN_ABOUT_RETURN_TYPE = YES_ERROR;
				GCC_WARN_UNDECLARED_SELECTOR = YES;
				GCC_WARN_UNINITIALIZED_AUTOS = YES_AGGRESSIVE;
				GCC_WARN_UNUSED_FUNCTION = YES;
				GCC_WARN_UNUSED_VARIABLE = YES;
				IPHONEOS_DEPLOYMENT_TARGET = 17.5;
				LOCALIZATION_PREFERS_STRING_CATALOGS = YES;
				MTL_ENABLE_DEBUG_INFO = INCLUDE_SOURCE;
				MTL_FAST_MATH = YES;
				ONLY_ACTIVE_ARCH = YES;
				SDKROOT = iphoneos;
				SWIFT_ACTIVE_COMPILATION_CONDITIONS = "DEBUG $(inherited)";
				SWIFT_OPTIMIZATION_LEVEL = "-Onone";
			};
			name = Debug;
		};
		8CABF85A2C53ACA0003E4297 /* Release */ = {
			isa = XCBuildConfiguration;
			buildSettings = {
				ALWAYS_SEARCH_USER_PATHS = NO;
				ASSETCATALOG_COMPILER_GENERATE_SWIFT_ASSET_SYMBOL_EXTENSIONS = YES;
				CLANG_ANALYZER_NONNULL = YES;
				CLANG_ANALYZER_NUMBER_OBJECT_CONVERSION = YES_AGGRESSIVE;
				CLANG_CXX_LANGUAGE_STANDARD = "gnu++20";
				CLANG_ENABLE_MODULES = YES;
				CLANG_ENABLE_OBJC_ARC = YES;
				CLANG_ENABLE_OBJC_WEAK = YES;
				CLANG_WARN_BLOCK_CAPTURE_AUTORELEASING = YES;
				CLANG_WARN_BOOL_CONVERSION = YES;
				CLANG_WARN_COMMA = YES;
				CLANG_WARN_CONSTANT_CONVERSION = YES;
				CLANG_WARN_DEPRECATED_OBJC_IMPLEMENTATIONS = YES;
				CLANG_WARN_DIRECT_OBJC_ISA_USAGE = YES_ERROR;
				CLANG_WARN_DOCUMENTATION_COMMENTS = YES;
				CLANG_WARN_EMPTY_BODY = YES;
				CLANG_WARN_ENUM_CONVERSION = YES;
				CLANG_WARN_INFINITE_RECURSION = YES;
				CLANG_WARN_INT_CONVERSION = YES;
				CLANG_WARN_NON_LITERAL_NULL_CONVERSION = YES;
				CLANG_WARN_OBJC_IMPLICIT_RETAIN_SELF = YES;
				CLANG_WARN_OBJC_LITERAL_CONVERSION = YES;
				CLANG_WARN_OBJC_ROOT_CLASS = YES_ERROR;
				CLANG_WARN_QUOTED_INCLUDE_IN_FRAMEWORK_HEADER = YES;
				CLANG_WARN_RANGE_LOOP_ANALYSIS = YES;
				CLANG_WARN_STRICT_PROTOTYPES = YES;
				CLANG_WARN_SUSPICIOUS_MOVE = YES;
				CLANG_WARN_UNGUARDED_AVAILABILITY = YES_AGGRESSIVE;
				CLANG_WARN_UNREACHABLE_CODE = YES;
				CLANG_WARN__DUPLICATE_METHOD_MATCH = YES;
				COPY_PHASE_STRIP = NO;
				DEBUG_INFORMATION_FORMAT = "dwarf-with-dsym";
				ENABLE_NS_ASSERTIONS = NO;
				ENABLE_STRICT_OBJC_MSGSEND = YES;
				ENABLE_USER_SCRIPT_SANDBOXING = YES;
				GCC_C_LANGUAGE_STANDARD = gnu17;
				GCC_NO_COMMON_BLOCKS = YES;
				GCC_WARN_64_TO_32_BIT_CONVERSION = YES;
				GCC_WARN_ABOUT_RETURN_TYPE = YES_ERROR;
				GCC_WARN_UNDECLARED_SELECTOR = YES;
				GCC_WARN_UNINITIALIZED_AUTOS = YES_AGGRESSIVE;
				GCC_WARN_UNUSED_FUNCTION = YES;
				GCC_WARN_UNUSED_VARIABLE = YES;
				IPHONEOS_DEPLOYMENT_TARGET = 17.5;
				LOCALIZATION_PREFERS_STRING_CATALOGS = YES;
				MTL_ENABLE_DEBUG_INFO = NO;
				MTL_FAST_MATH = YES;
				SDKROOT = iphoneos;
				SWIFT_COMPILATION_MODE = wholemodule;
				VALIDATE_PRODUCT = YES;
			};
			name = Release;
		};
		8CABF85C2C53ACA0003E4297 /* Debug */ = {
			isa = XCBuildConfiguration;
			buildSettings = {
				ASSETCATALOG_COMPILER_APPICON_NAME = AppIcon;
				ASSETCATALOG_COMPILER_GLOBAL_ACCENT_COLOR_NAME = AccentColor;
				CODE_SIGN_STYLE = Automatic;
				CURRENT_PROJECT_VERSION = 1;
				DEVELOPMENT_ASSET_PATHS = "\"FoodApp/Preview Content\"";
				ENABLE_PREVIEWS = YES;
				GENERATE_INFOPLIST_FILE = YES;
				INFOPLIST_FILE = FoodApp/Info.plist;
				INFOPLIST_KEY_UIApplicationSceneManifest_Generation = YES;
				INFOPLIST_KEY_UIApplicationSupportsIndirectInputEvents = YES;
				INFOPLIST_KEY_UILaunchScreen_Generation = YES;
				INFOPLIST_KEY_UISupportedInterfaceOrientations_iPad = "UIInterfaceOrientationPortrait UIInterfaceOrientationPortraitUpsideDown UIInterfaceOrientationLandscapeLeft UIInterfaceOrientationLandscapeRight";
				INFOPLIST_KEY_UISupportedInterfaceOrientations_iPhone = "UIInterfaceOrientationPortrait UIInterfaceOrientationLandscapeLeft UIInterfaceOrientationLandscapeRight";
				IPHONEOS_DEPLOYMENT_TARGET = 15.0;
				LD_RUNPATH_SEARCH_PATHS = (
					"$(inherited)",
					"@executable_path/Frameworks",
				);
				MARKETING_VERSION = 1.0;
				PRODUCT_BUNDLE_IDENTIFIER = com.NGiDeveloper.FoodApp;
				PRODUCT_NAME = "$(TARGET_NAME)";
				SWIFT_EMIT_LOC_STRINGS = YES;
				SWIFT_VERSION = 5.0;
				TARGETED_DEVICE_FAMILY = "1,2";
			};
			name = Debug;
		};
		8CABF85D2C53ACA0003E4297 /* Release */ = {
			isa = XCBuildConfiguration;
			buildSettings = {
				ASSETCATALOG_COMPILER_APPICON_NAME = AppIcon;
				ASSETCATALOG_COMPILER_GLOBAL_ACCENT_COLOR_NAME = AccentColor;
				CODE_SIGN_STYLE = Automatic;
				CURRENT_PROJECT_VERSION = 1;
				DEVELOPMENT_ASSET_PATHS = "\"FoodApp/Preview Content\"";
				ENABLE_PREVIEWS = YES;
				GENERATE_INFOPLIST_FILE = YES;
				INFOPLIST_FILE = FoodApp/Info.plist;
				INFOPLIST_KEY_UIApplicationSceneManifest_Generation = YES;
				INFOPLIST_KEY_UIApplicationSupportsIndirectInputEvents = YES;
				INFOPLIST_KEY_UILaunchScreen_Generation = YES;
				INFOPLIST_KEY_UISupportedInterfaceOrientations_iPad = "UIInterfaceOrientationPortrait UIInterfaceOrientationPortraitUpsideDown UIInterfaceOrientationLandscapeLeft UIInterfaceOrientationLandscapeRight";
				INFOPLIST_KEY_UISupportedInterfaceOrientations_iPhone = "UIInterfaceOrientationPortrait UIInterfaceOrientationLandscapeLeft UIInterfaceOrientationLandscapeRight";
				IPHONEOS_DEPLOYMENT_TARGET = 15.0;
				LD_RUNPATH_SEARCH_PATHS = (
					"$(inherited)",
					"@executable_path/Frameworks",
				);
				MARKETING_VERSION = 1.0;
				PRODUCT_BUNDLE_IDENTIFIER = com.NGiDeveloper.FoodApp;
				PRODUCT_NAME = "$(TARGET_NAME)";
				SWIFT_EMIT_LOC_STRINGS = YES;
				SWIFT_VERSION = 5.0;
				TARGETED_DEVICE_FAMILY = "1,2";
			};
			name = Release;
		};
/* End XCBuildConfiguration section */

/* Begin XCConfigurationList section */
		8CABF8482C53AC9E003E4297 /* Build configuration list for PBXProject "FoodApp" */ = {
			isa = XCConfigurationList;
			buildConfigurations = (
				8CABF8592C53ACA0003E4297 /* Debug */,
				8CABF85A2C53ACA0003E4297 /* Release */,
			);
			defaultConfigurationIsVisible = 0;
			defaultConfigurationName = Release;
		};
		8CABF85B2C53ACA0003E4297 /* Build configuration list for PBXNativeTarget "FoodApp" */ = {
			isa = XCConfigurationList;
			buildConfigurations = (
				8CABF85C2C53ACA0003E4297 /* Debug */,
				8CABF85D2C53ACA0003E4297 /* Release */,
			);
			defaultConfigurationIsVisible = 0;
			defaultConfigurationName = Release;
		};
/* End XCConfigurationList section */
	};
	rootObject = 8CABF8452C53AC9E003E4297 /* Project object */;
}
